Microsoft Visual Studio Solution File, Format Version 12.00
# Visual Studio Version 17
VisualStudioVersion = 17.4.32916.344
MinimumVisualStudioVersion = 10.0.40219.1
Project("{9A19103F-16F7-4668-BE54-9A1E7A4F7556}") = "Aosta.Data", "Aosta.Data\Aosta.Data.csproj", "{74D2E280-454A-4CFA-BB83-ADBB54CCAD4D}"
EndProject
Project("{9A19103F-16F7-4668-BE54-9A1E7A4F7556}") = "Aosta.Data.Tests", "Aosta.Data.Tests\Aosta.Data.Tests.csproj", "{0173EC11-5DF4-4ACB-AC9C-36517433100A}"
EndProject
Project("{9A19103F-16F7-4668-BE54-9A1E7A4F7556}") = "Aosta.Jikan", "Aosta.Jikan\Aosta.Jikan.csproj", "{E400FE90-D071-436F-9D09-15020E97C41E}"
EndProject
Project("{9A19103F-16F7-4668-BE54-9A1E7A4F7556}") = "Aosta.Common", "Aosta.Common\Aosta.Common.csproj", "{6600D8F6-A657-42ED-A903-9E14228966DE}"
EndProject
Project("{9A19103F-16F7-4668-BE54-9A1E7A4F7556}") = "Aosta.Jikan.Tests", "Aosta.Jikan.Tests\Aosta.Jikan.Tests.csproj", "{F75D6C94-B7B0-4BD7-9253-41EEBF04B977}"
EndProject
Project("{2150E333-8FDC-42A3-9474-1A3956D46DE8}") = "tests", "tests", "{4F83CDCA-7EF5-4B3C-B5DC-8F7181578CE5}"
EndProject
Project("{2150E333-8FDC-42A3-9474-1A3956D46DE8}") = "src", "src", "{3F286710-95EC-4012-B2C0-1FCEDBC9C5CE}"
EndProject
Project("{FAE04EC0-301F-11D3-BF4B-00C04F79EFBC}") = "Aosta.Ava", "Aosta.Ava\Aosta.Ava\Aosta.Ava.csproj", "{14EA2BE7-16B9-47F0-96BA-119E643EC19D}"
EndProject
Project("{FAE04EC0-301F-11D3-BF4B-00C04F79EFBC}") = "Aosta.Ava.Android", "Aosta.Ava\Aosta.Ava.Android\Aosta.Ava.Android.csproj", "{81CD4373-9549-4E62-B325-EDB4FE1E5153}"
EndProject
Project("{FAE04EC0-301F-11D3-BF4B-00C04F79EFBC}") = "Aosta.Ava.Desktop", "Aosta.Ava\Aosta.Ava.Desktop\Aosta.Ava.Desktop.csproj", "{A793F998-18FC-41B3-A71B-02C98A079B7A}"
EndProject
Global
	GlobalSection(SolutionConfigurationPlatforms) = preSolution
		Debug|Any CPU = Debug|Any CPU
		Release|Any CPU = Release|Any CPU
	EndGlobalSection
	GlobalSection(ProjectConfigurationPlatforms) = postSolution
		{74D2E280-454A-4CFA-BB83-ADBB54CCAD4D}.Debug|Any CPU.ActiveCfg = Debug|Any CPU
		{74D2E280-454A-4CFA-BB83-ADBB54CCAD4D}.Debug|Any CPU.Build.0 = Debug|Any CPU
		{74D2E280-454A-4CFA-BB83-ADBB54CCAD4D}.Release|Any CPU.ActiveCfg = Release|Any CPU
		{74D2E280-454A-4CFA-BB83-ADBB54CCAD4D}.Release|Any CPU.Build.0 = Release|Any CPU
		{0173EC11-5DF4-4ACB-AC9C-36517433100A}.Debug|Any CPU.ActiveCfg = Debug|Any CPU
		{0173EC11-5DF4-4ACB-AC9C-36517433100A}.Debug|Any CPU.Build.0 = Debug|Any CPU
		{0173EC11-5DF4-4ACB-AC9C-36517433100A}.Release|Any CPU.ActiveCfg = Release|Any CPU
		{0173EC11-5DF4-4ACB-AC9C-36517433100A}.Release|Any CPU.Build.0 = Release|Any CPU
		{E400FE90-D071-436F-9D09-15020E97C41E}.Debug|Any CPU.ActiveCfg = Debug|Any CPU
		{E400FE90-D071-436F-9D09-15020E97C41E}.Debug|Any CPU.Build.0 = Debug|Any CPU
		{E400FE90-D071-436F-9D09-15020E97C41E}.Release|Any CPU.ActiveCfg = Release|Any CPU
		{E400FE90-D071-436F-9D09-15020E97C41E}.Release|Any CPU.Build.0 = Release|Any CPU
		{6600D8F6-A657-42ED-A903-9E14228966DE}.Debug|Any CPU.ActiveCfg = Debug|Any CPU
		{6600D8F6-A657-42ED-A903-9E14228966DE}.Debug|Any CPU.Build.0 = Debug|Any CPU
		{6600D8F6-A657-42ED-A903-9E14228966DE}.Release|Any CPU.ActiveCfg = Release|Any CPU
		{6600D8F6-A657-42ED-A903-9E14228966DE}.Release|Any CPU.Build.0 = Release|Any CPU
		{F75D6C94-B7B0-4BD7-9253-41EEBF04B977}.Debug|Any CPU.ActiveCfg = Debug|Any CPU
		{F75D6C94-B7B0-4BD7-9253-41EEBF04B977}.Debug|Any CPU.Build.0 = Debug|Any CPU
		{F75D6C94-B7B0-4BD7-9253-41EEBF04B977}.Release|Any CPU.ActiveCfg = Release|Any CPU
		{F75D6C94-B7B0-4BD7-9253-41EEBF04B977}.Release|Any CPU.Build.0 = Release|Any CPU
		{14EA2BE7-16B9-47F0-96BA-119E643EC19D}.Debug|Any CPU.ActiveCfg = Debug|Any CPU
		{14EA2BE7-16B9-47F0-96BA-119E643EC19D}.Debug|Any CPU.Build.0 = Debug|Any CPU
		{14EA2BE7-16B9-47F0-96BA-119E643EC19D}.Release|Any CPU.ActiveCfg = Release|Any CPU
		{14EA2BE7-16B9-47F0-96BA-119E643EC19D}.Release|Any CPU.Build.0 = Release|Any CPU
		{81CD4373-9549-4E62-B325-EDB4FE1E5153}.Debug|Any CPU.ActiveCfg = Debug|Any CPU
		{81CD4373-9549-4E62-B325-EDB4FE1E5153}.Debug|Any CPU.Build.0 = Debug|Any CPU
		{81CD4373-9549-4E62-B325-EDB4FE1E5153}.Release|Any CPU.ActiveCfg = Release|Any CPU
		{81CD4373-9549-4E62-B325-EDB4FE1E5153}.Release|Any CPU.Build.0 = Release|Any CPU
		{A793F998-18FC-41B3-A71B-02C98A079B7A}.Debug|Any CPU.ActiveCfg = Debug|Any CPU
		{A793F998-18FC-41B3-A71B-02C98A079B7A}.Debug|Any CPU.Build.0 = Debug|Any CPU
		{A793F998-18FC-41B3-A71B-02C98A079B7A}.Release|Any CPU.ActiveCfg = Release|Any CPU
		{A793F998-18FC-41B3-A71B-02C98A079B7A}.Release|Any CPU.Build.0 = Release|Any CPU
	EndGlobalSection
	GlobalSection(SolutionProperties) = preSolution
		HideSolutionNode = FALSE
	EndGlobalSection
	GlobalSection(ExtensibilityGlobals) = postSolution
		SolutionGuid = {01610254-2760-4AE5-A1A5-9EE319473BF8}
	EndGlobalSection
	GlobalSection(NestedProjects) = preSolution
		{0173EC11-5DF4-4ACB-AC9C-36517433100A} = {4F83CDCA-7EF5-4B3C-B5DC-8F7181578CE5}
		{F75D6C94-B7B0-4BD7-9253-41EEBF04B977} = {4F83CDCA-7EF5-4B3C-B5DC-8F7181578CE5}
		{6600D8F6-A657-42ED-A903-9E14228966DE} = {3F286710-95EC-4012-B2C0-1FCEDBC9C5CE}
		{74D2E280-454A-4CFA-BB83-ADBB54CCAD4D} = {3F286710-95EC-4012-B2C0-1FCEDBC9C5CE}
		{E400FE90-D071-436F-9D09-15020E97C41E} = {3F286710-95EC-4012-B2C0-1FCEDBC9C5CE}
		{14EA2BE7-16B9-47F0-96BA-119E643EC19D} = {3F286710-95EC-4012-B2C0-1FCEDBC9C5CE}
		{81CD4373-9549-4E62-B325-EDB4FE1E5153} = {3F286710-95EC-4012-B2C0-1FCEDBC9C5CE}
		{A793F998-18FC-41B3-A71B-02C98A079B7A} = {3F286710-95EC-4012-B2C0-1FCEDBC9C5CE}
	EndGlobalSection
EndGlobal
